
Microsoft Visual Studio Solution File, Format Version 12.00
# Visual Studio Version 17
VisualStudioVersion = 17.9.34622.214
MinimumVisualStudioVersion = 10.0.40219.1
Project("{9A19103F-16F7-4668-BE54-9A1E7A4F7556}") = "Posterr.Core.Domain", "Posterr.Core.Domain\Posterr.Core.Domain.csproj", "{8A3514DC-E890-48E0-9AFB-1F9E66819E03}"
EndProject
Project("{9A19103F-16F7-4668-BE54-9A1E7A4F7556}") = "Posterr.Core.Domain.Tests", "Posterr.Core.Domain.Tests\Posterr.Core.Domain.Tests.csproj", "{45014639-0669-4376-9115-B54FB655134E}"
EndProject
Project("{9A19103F-16F7-4668-BE54-9A1E7A4F7556}") = "Posterr.Core.Application", "Posterr.Core.Application\Posterr.Core.Application.csproj", "{D3C6A742-E91D-4936-B1B0-5531A71159AB}"
EndProject
Project("{FAE04EC0-301F-11D3-BF4B-00C04F79EFBC}") = "Posterr.Core.Application.Tests", "Posterr.Core.Application.Tests\Posterr.Core.Application.Tests.csproj", "{FDFECD45-278B-4C07-BF02-A932ABE0A5A4}"
EndProject
Project("{2150E333-8FDC-42A3-9474-1A3956D46DE8}") = "Core", "Core", "{56A90EE5-8BF2-4A1A-B59E-157F40303F3B}"
EndProject
Project("{2150E333-8FDC-42A3-9474-1A3956D46DE8}") = "Infrastructure", "Infrastructure", "{9672E846-0BBE-4106-A558-3E7C31987CF7}"
EndProject
Project("{FAE04EC0-301F-11D3-BF4B-00C04F79EFBC}") = "Posterr.Infrastructure.Persistence", "Posterr.Infrastructure.Persistence\Posterr.Infrastructure.Persistence.csproj", "{9336F753-AF6E-4F14-8C81-58DDA2A84514}"
EndProject
Global
	GlobalSection(SolutionConfigurationPlatforms) = preSolution
		Debug|Any CPU = Debug|Any CPU
		Release|Any CPU = Release|Any CPU
	EndGlobalSection
	GlobalSection(ProjectConfigurationPlatforms) = postSolution
		{8A3514DC-E890-48E0-9AFB-1F9E66819E03}.Debug|Any CPU.ActiveCfg = Debug|Any CPU
		{8A3514DC-E890-48E0-9AFB-1F9E66819E03}.Debug|Any CPU.Build.0 = Debug|Any CPU
		{8A3514DC-E890-48E0-9AFB-1F9E66819E03}.Release|Any CPU.ActiveCfg = Release|Any CPU
		{8A3514DC-E890-48E0-9AFB-1F9E66819E03}.Release|Any CPU.Build.0 = Release|Any CPU
		{45014639-0669-4376-9115-B54FB655134E}.Debug|Any CPU.ActiveCfg = Debug|Any CPU
		{45014639-0669-4376-9115-B54FB655134E}.Debug|Any CPU.Build.0 = Debug|Any CPU
		{45014639-0669-4376-9115-B54FB655134E}.Release|Any CPU.ActiveCfg = Release|Any CPU
		{45014639-0669-4376-9115-B54FB655134E}.Release|Any CPU.Build.0 = Release|Any CPU
		{D3C6A742-E91D-4936-B1B0-5531A71159AB}.Debug|Any CPU.ActiveCfg = Debug|Any CPU
		{D3C6A742-E91D-4936-B1B0-5531A71159AB}.Debug|Any CPU.Build.0 = Debug|Any CPU
		{D3C6A742-E91D-4936-B1B0-5531A71159AB}.Release|Any CPU.ActiveCfg = Release|Any CPU
		{D3C6A742-E91D-4936-B1B0-5531A71159AB}.Release|Any CPU.Build.0 = Release|Any CPU
		{FDFECD45-278B-4C07-BF02-A932ABE0A5A4}.Debug|Any CPU.ActiveCfg = Debug|Any CPU
		{FDFECD45-278B-4C07-BF02-A932ABE0A5A4}.Debug|Any CPU.Build.0 = Debug|Any CPU
		{FDFECD45-278B-4C07-BF02-A932ABE0A5A4}.Release|Any CPU.ActiveCfg = Release|Any CPU
		{FDFECD45-278B-4C07-BF02-A932ABE0A5A4}.Release|Any CPU.Build.0 = Release|Any CPU
		{9336F753-AF6E-4F14-8C81-58DDA2A84514}.Debug|Any CPU.ActiveCfg = Debug|Any CPU
		{9336F753-AF6E-4F14-8C81-58DDA2A84514}.Debug|Any CPU.Build.0 = Debug|Any CPU
		{9336F753-AF6E-4F14-8C81-58DDA2A84514}.Release|Any CPU.ActiveCfg = Release|Any CPU
		{9336F753-AF6E-4F14-8C81-58DDA2A84514}.Release|Any CPU.Build.0 = Release|Any CPU
	EndGlobalSection
	GlobalSection(SolutionProperties) = preSolution
		HideSolutionNode = FALSE
	EndGlobalSection
	GlobalSection(NestedProjects) = preSolution
		{8A3514DC-E890-48E0-9AFB-1F9E66819E03} = {56A90EE5-8BF2-4A1A-B59E-157F40303F3B}
		{45014639-0669-4376-9115-B54FB655134E} = {56A90EE5-8BF2-4A1A-B59E-157F40303F3B}
		{D3C6A742-E91D-4936-B1B0-5531A71159AB} = {56A90EE5-8BF2-4A1A-B59E-157F40303F3B}
		{FDFECD45-278B-4C07-BF02-A932ABE0A5A4} = {56A90EE5-8BF2-4A1A-B59E-157F40303F3B}
		{9336F753-AF6E-4F14-8C81-58DDA2A84514} = {9672E846-0BBE-4106-A558-3E7C31987CF7}
	EndGlobalSection
	GlobalSection(ExtensibilityGlobals) = postSolution
		SolutionGuid = {6B5164CE-30C8-4B8B-B6A5-54D77B5EF4B9}
	EndGlobalSection
EndGlobal
