
Microsoft Visual Studio Solution File, Format Version 12.00
# Visual Studio Version 17
VisualStudioVersion = 17.0.31903.59
MinimumVisualStudioVersion = 10.0.40219.1
Project("{2150E333-8FDC-42A3-9474-1A3956D46DE8}") = "Core", "Core", "{06DD4DB8-A954-47B1-BDA6-C573F9E327B9}"
EndProject
Project("{2150E333-8FDC-42A3-9474-1A3956D46DE8}") = "Application", "Application", "{80DE2A1A-0FA0-4D76-868F-CFA23C27C770}"
EndProject
Project("{9A19103F-16F7-4668-BE54-9A1E7A4F7556}") = "Posterr.Core.Application.UseCases", "Core\Application\UseCases\Posterr.Core.Application.UseCases.csproj", "{DDDDC710-ED53-4D74-9A93-534CA3BF9259}"
EndProject
Project("{9A19103F-16F7-4668-BE54-9A1E7A4F7556}") = "Posterr.Core.Application.UseCasesTests", "Core\Application\UseCasesTests\Posterr.Core.Application.UseCasesTests.csproj", "{DEF25B47-1C54-4DA2-8E96-835D543D6C4D}"
EndProject
Project("{2150E333-8FDC-42A3-9474-1A3956D46DE8}") = "Domain", "Domain", "{118B549F-00CE-450E-92D3-1BC55A0E8DE2}"
EndProject
Project("{9A19103F-16F7-4668-BE54-9A1E7A4F7556}") = "Posterr.Core.Domain.Entities", "Core\Domain\Entities\Posterr.Core.Domain.Entities.csproj", "{86B2BD2E-4B73-422B-AAA4-CAB0E90A4188}"
EndProject
Project("{9A19103F-16F7-4668-BE54-9A1E7A4F7556}") = "Posterr.Core.Domain.EntitiesTests", "Core\Domain\EntitiesTests\Posterr.Core.Domain.EntitiesTests.csproj", "{BAA16208-2D56-4051-B5C1-B9F5B70E5A35}"
EndProject
Project("{2150E333-8FDC-42A3-9474-1A3956D46DE8}") = "Shared", "Shared", "{E61510FE-AB37-4E78-B27E-03DFB6F99A36}"
EndProject
Project("{9A19103F-16F7-4668-BE54-9A1E7A4F7556}") = "Posterr.Core.Shared.ConfigurationInterfaces", "Core\Shared\ConfigurationInterfaces\Posterr.Core.Shared.ConfigurationInterfaces.csproj", "{DB02DFDE-705A-4FAB-823F-395658CE1DD1}"
EndProject
Project("{9A19103F-16F7-4668-BE54-9A1E7A4F7556}") = "Posterr.Core.Shared.EntitiesInterfaces", "Core\Shared\EntitiesInterfaces\Posterr.Core.Shared.EntitiesInterfaces.csproj", "{4D395968-E79C-4235-ACDD-7FDBC2678431}"
EndProject
Project("{9A19103F-16F7-4668-BE54-9A1E7A4F7556}") = "Posterr.Core.Shared.Exceptions", "Core\Shared\Exceptions\Posterr.Core.Shared.Exceptions.csproj", "{8096AF9D-ED51-4827-9AF8-CC30BA62417E}"
EndProject
Project("{9A19103F-16F7-4668-BE54-9A1E7A4F7556}") = "Posterr.Core.Shared.PersistenceInterfaces", "Core\Shared\PersistenceInterfaces\Posterr.Core.Shared.PersistenceInterfaces.csproj", "{3B556557-49F0-4362-92DE-B9B4D662976C}"
EndProject
Project("{2150E333-8FDC-42A3-9474-1A3956D46DE8}") = "Infrastructure", "Infrastructure", "{50F53109-2B3B-4B67-A2C0-1A1641D3F17F}"
EndProject
Project("{9A19103F-16F7-4668-BE54-9A1E7A4F7556}") = "Posterr.Infrastructure.Persistence", "Infrastructure\Persistence\Posterr.Infrastructure.Persistence.csproj", "{288D5418-87CA-4C67-B4A3-91B7638D1E01}"
EndProject
Project("{2150E333-8FDC-42A3-9474-1A3956D46DE8}") = "Presentation", "Presentation", "{A6938604-A3BB-4519-AB05-EEC96D9ABF97}"
EndProject
Project("{2150E333-8FDC-42A3-9474-1A3956D46DE8}") = "Web", "Web", "{7E509FB2-8277-456D-894A-6E11573947E6}"
EndProject
Project("{2150E333-8FDC-42A3-9474-1A3956D46DE8}") = "RestApi", "RestApi", "{6D4B2740-11CA-48EB-AFF1-C679EC4396A2}"
EndProject
Project("{9A19103F-16F7-4668-BE54-9A1E7A4F7556}") = "Posterr.Presentation.Web.RestApi.Controllers", "Presentation\Web\RestApi\Controllers\Posterr.Presentation.Web.RestApi.Controllers.csproj", "{10A3EE98-BBB8-4247-8E2E-0F2C371F1F46}"
EndProject
Project("{9A19103F-16F7-4668-BE54-9A1E7A4F7556}") = "Posterr.Presentation.Web.RestApi.EntryPoint", "Presentation\Web\RestApi\EntryPoint\Posterr.Presentation.Web.RestApi.EntryPoint.csproj", "{30E00C9F-4CD7-449B-8318-C751F60E4C9D}"
EndProject
Project("{9A19103F-16F7-4668-BE54-9A1E7A4F7556}") = "Posterr.Presentation.Web.RestApi.Tests", "Presentation\Web\RestApi\Tests\Posterr.Presentation.Web.RestApi.Tests.csproj", "{B7FC3EDE-CDEB-4975-81E4-830B4CAFB474}"
EndProject
Project("{FAE04EC0-301F-11D3-BF4B-00C04F79EFBC}") = "Posterr.Core.Shared.Enums", "Core\Shared\Enums\Posterr.Core.Shared.Enums.csproj", "{F1DD5F92-D155-4DA6-8265-58077440A788}"
EndProject
Global
	GlobalSection(SolutionConfigurationPlatforms) = preSolution
		Debug|Any CPU = Debug|Any CPU
		Release|Any CPU = Release|Any CPU
	EndGlobalSection
	GlobalSection(ProjectConfigurationPlatforms) = postSolution
		{DDDDC710-ED53-4D74-9A93-534CA3BF9259}.Debug|Any CPU.ActiveCfg = Debug|Any CPU
		{DDDDC710-ED53-4D74-9A93-534CA3BF9259}.Debug|Any CPU.Build.0 = Debug|Any CPU
		{DDDDC710-ED53-4D74-9A93-534CA3BF9259}.Release|Any CPU.ActiveCfg = Release|Any CPU
		{DDDDC710-ED53-4D74-9A93-534CA3BF9259}.Release|Any CPU.Build.0 = Release|Any CPU
		{DEF25B47-1C54-4DA2-8E96-835D543D6C4D}.Debug|Any CPU.ActiveCfg = Debug|Any CPU
		{DEF25B47-1C54-4DA2-8E96-835D543D6C4D}.Debug|Any CPU.Build.0 = Debug|Any CPU
		{DEF25B47-1C54-4DA2-8E96-835D543D6C4D}.Release|Any CPU.ActiveCfg = Release|Any CPU
		{DEF25B47-1C54-4DA2-8E96-835D543D6C4D}.Release|Any CPU.Build.0 = Release|Any CPU
		{86B2BD2E-4B73-422B-AAA4-CAB0E90A4188}.Debug|Any CPU.ActiveCfg = Debug|Any CPU
		{86B2BD2E-4B73-422B-AAA4-CAB0E90A4188}.Debug|Any CPU.Build.0 = Debug|Any CPU
		{86B2BD2E-4B73-422B-AAA4-CAB0E90A4188}.Release|Any CPU.ActiveCfg = Release|Any CPU
		{86B2BD2E-4B73-422B-AAA4-CAB0E90A4188}.Release|Any CPU.Build.0 = Release|Any CPU
		{BAA16208-2D56-4051-B5C1-B9F5B70E5A35}.Debug|Any CPU.ActiveCfg = Debug|Any CPU
		{BAA16208-2D56-4051-B5C1-B9F5B70E5A35}.Debug|Any CPU.Build.0 = Debug|Any CPU
		{BAA16208-2D56-4051-B5C1-B9F5B70E5A35}.Release|Any CPU.ActiveCfg = Release|Any CPU
		{BAA16208-2D56-4051-B5C1-B9F5B70E5A35}.Release|Any CPU.Build.0 = Release|Any CPU
		{DB02DFDE-705A-4FAB-823F-395658CE1DD1}.Debug|Any CPU.ActiveCfg = Debug|Any CPU
		{DB02DFDE-705A-4FAB-823F-395658CE1DD1}.Debug|Any CPU.Build.0 = Debug|Any CPU
		{DB02DFDE-705A-4FAB-823F-395658CE1DD1}.Release|Any CPU.ActiveCfg = Release|Any CPU
		{DB02DFDE-705A-4FAB-823F-395658CE1DD1}.Release|Any CPU.Build.0 = Release|Any CPU
		{4D395968-E79C-4235-ACDD-7FDBC2678431}.Debug|Any CPU.ActiveCfg = Debug|Any CPU
		{4D395968-E79C-4235-ACDD-7FDBC2678431}.Debug|Any CPU.Build.0 = Debug|Any CPU
		{4D395968-E79C-4235-ACDD-7FDBC2678431}.Release|Any CPU.ActiveCfg = Release|Any CPU
		{4D395968-E79C-4235-ACDD-7FDBC2678431}.Release|Any CPU.Build.0 = Release|Any CPU
		{8096AF9D-ED51-4827-9AF8-CC30BA62417E}.Debug|Any CPU.ActiveCfg = Debug|Any CPU
		{8096AF9D-ED51-4827-9AF8-CC30BA62417E}.Debug|Any CPU.Build.0 = Debug|Any CPU
		{8096AF9D-ED51-4827-9AF8-CC30BA62417E}.Release|Any CPU.ActiveCfg = Release|Any CPU
		{8096AF9D-ED51-4827-9AF8-CC30BA62417E}.Release|Any CPU.Build.0 = Release|Any CPU
		{3B556557-49F0-4362-92DE-B9B4D662976C}.Debug|Any CPU.ActiveCfg = Debug|Any CPU
		{3B556557-49F0-4362-92DE-B9B4D662976C}.Debug|Any CPU.Build.0 = Debug|Any CPU
		{3B556557-49F0-4362-92DE-B9B4D662976C}.Release|Any CPU.ActiveCfg = Release|Any CPU
		{3B556557-49F0-4362-92DE-B9B4D662976C}.Release|Any CPU.Build.0 = Release|Any CPU
		{288D5418-87CA-4C67-B4A3-91B7638D1E01}.Debug|Any CPU.ActiveCfg = Debug|Any CPU
		{288D5418-87CA-4C67-B4A3-91B7638D1E01}.Debug|Any CPU.Build.0 = Debug|Any CPU
		{288D5418-87CA-4C67-B4A3-91B7638D1E01}.Release|Any CPU.ActiveCfg = Release|Any CPU
		{288D5418-87CA-4C67-B4A3-91B7638D1E01}.Release|Any CPU.Build.0 = Release|Any CPU
		{10A3EE98-BBB8-4247-8E2E-0F2C371F1F46}.Debug|Any CPU.ActiveCfg = Debug|Any CPU
		{10A3EE98-BBB8-4247-8E2E-0F2C371F1F46}.Debug|Any CPU.Build.0 = Debug|Any CPU
		{10A3EE98-BBB8-4247-8E2E-0F2C371F1F46}.Release|Any CPU.ActiveCfg = Release|Any CPU
		{10A3EE98-BBB8-4247-8E2E-0F2C371F1F46}.Release|Any CPU.Build.0 = Release|Any CPU
		{30E00C9F-4CD7-449B-8318-C751F60E4C9D}.Debug|Any CPU.ActiveCfg = Debug|Any CPU
		{30E00C9F-4CD7-449B-8318-C751F60E4C9D}.Debug|Any CPU.Build.0 = Debug|Any CPU
		{30E00C9F-4CD7-449B-8318-C751F60E4C9D}.Release|Any CPU.ActiveCfg = Release|Any CPU
		{30E00C9F-4CD7-449B-8318-C751F60E4C9D}.Release|Any CPU.Build.0 = Release|Any CPU
		{B7FC3EDE-CDEB-4975-81E4-830B4CAFB474}.Debug|Any CPU.ActiveCfg = Debug|Any CPU
		{B7FC3EDE-CDEB-4975-81E4-830B4CAFB474}.Debug|Any CPU.Build.0 = Debug|Any CPU
		{B7FC3EDE-CDEB-4975-81E4-830B4CAFB474}.Release|Any CPU.ActiveCfg = Release|Any CPU
		{B7FC3EDE-CDEB-4975-81E4-830B4CAFB474}.Release|Any CPU.Build.0 = Release|Any CPU
		{F1DD5F92-D155-4DA6-8265-58077440A788}.Debug|Any CPU.ActiveCfg = Debug|Any CPU
		{F1DD5F92-D155-4DA6-8265-58077440A788}.Debug|Any CPU.Build.0 = Debug|Any CPU
		{F1DD5F92-D155-4DA6-8265-58077440A788}.Release|Any CPU.ActiveCfg = Release|Any CPU
		{F1DD5F92-D155-4DA6-8265-58077440A788}.Release|Any CPU.Build.0 = Release|Any CPU
	EndGlobalSection
	GlobalSection(SolutionProperties) = preSolution
		HideSolutionNode = FALSE
	EndGlobalSection
	GlobalSection(NestedProjects) = preSolution
		{80DE2A1A-0FA0-4D76-868F-CFA23C27C770} = {06DD4DB8-A954-47B1-BDA6-C573F9E327B9}
		{DDDDC710-ED53-4D74-9A93-534CA3BF9259} = {80DE2A1A-0FA0-4D76-868F-CFA23C27C770}
		{DEF25B47-1C54-4DA2-8E96-835D543D6C4D} = {80DE2A1A-0FA0-4D76-868F-CFA23C27C770}
		{118B549F-00CE-450E-92D3-1BC55A0E8DE2} = {06DD4DB8-A954-47B1-BDA6-C573F9E327B9}
		{86B2BD2E-4B73-422B-AAA4-CAB0E90A4188} = {118B549F-00CE-450E-92D3-1BC55A0E8DE2}
		{BAA16208-2D56-4051-B5C1-B9F5B70E5A35} = {118B549F-00CE-450E-92D3-1BC55A0E8DE2}
		{E61510FE-AB37-4E78-B27E-03DFB6F99A36} = {06DD4DB8-A954-47B1-BDA6-C573F9E327B9}
		{DB02DFDE-705A-4FAB-823F-395658CE1DD1} = {E61510FE-AB37-4E78-B27E-03DFB6F99A36}
		{4D395968-E79C-4235-ACDD-7FDBC2678431} = {E61510FE-AB37-4E78-B27E-03DFB6F99A36}
		{8096AF9D-ED51-4827-9AF8-CC30BA62417E} = {E61510FE-AB37-4E78-B27E-03DFB6F99A36}
		{3B556557-49F0-4362-92DE-B9B4D662976C} = {E61510FE-AB37-4E78-B27E-03DFB6F99A36}
		{288D5418-87CA-4C67-B4A3-91B7638D1E01} = {50F53109-2B3B-4B67-A2C0-1A1641D3F17F}
		{7E509FB2-8277-456D-894A-6E11573947E6} = {A6938604-A3BB-4519-AB05-EEC96D9ABF97}
		{6D4B2740-11CA-48EB-AFF1-C679EC4396A2} = {7E509FB2-8277-456D-894A-6E11573947E6}
		{10A3EE98-BBB8-4247-8E2E-0F2C371F1F46} = {6D4B2740-11CA-48EB-AFF1-C679EC4396A2}
		{30E00C9F-4CD7-449B-8318-C751F60E4C9D} = {6D4B2740-11CA-48EB-AFF1-C679EC4396A2}
		{B7FC3EDE-CDEB-4975-81E4-830B4CAFB474} = {6D4B2740-11CA-48EB-AFF1-C679EC4396A2}
		{F1DD5F92-D155-4DA6-8265-58077440A788} = {E61510FE-AB37-4E78-B27E-03DFB6F99A36}
	EndGlobalSection
	GlobalSection(ExtensibilityGlobals) = postSolution
		SolutionGuid = {F3EE2DBA-07BB-4E84-AB08-35772310D44C}
	EndGlobalSection
EndGlobal
